{
    "name": "@beastly-brawl-showdown/sim-data",
    "version": "0.1.0",
    "lockfileVersion": 3,
    "requires": true,
    "packages": {
        "": {
            "name": "@beastly-brawl-showdown/sim-data",
            "version": "0.1.0",
            "license": "MIT",
            "dependencies": {
                "@beastly-brawl-showdown/sim-core": "^0.1.1"
            }
        },
        "node_modules/@beastly-brawl-showdown/sim-core": {
            "version": "0.1.1",
            "resolved": "https://registry.npmjs.org/@beastly-brawl-showdown/sim-core/-/sim-core-0.1.1.tgz",
            "integrity": "sha512-84osioDUsd8kfIrp9Xxt9oY10z8eBoLioqL5C/iuF2Y11FOqARslio3jBSHJo1iqx8TsILkhlTtvWDAhxIP2sA==",
            "license": "MIT"
        }
    }
}
