{
    "name": "@beastly-brawl-showdown/sim-data",
    "version": "0.2.0",
    "lockfileVersion": 3,
    "requires": true,
    "packages": {
        "": {
            "name": "@beastly-brawl-showdown/sim-data",
            "version": "0.2.0",
            "license": "MIT",
            "dependencies": {
                "@beastly-brawl-showdown/sim-core": "latest"
            },
            "devDependencies": {
                "@beastly-brawl-showdown/configs": "latest",
                "typescript": "^5.9.2"
            }
        },
        "node_modules/@beastly-brawl-showdown/configs": {
            "version": "0.2.0",
            "resolved": "https://registry.npmjs.org/@beastly-brawl-showdown/configs/-/configs-0.2.0.tgz",
            "integrity": "sha512-NlkQ725oklHpP2Eo+VX002NJxmYDbwwRopyjRrdpk7dtCB7DLdg6wYm+dIn8R9eqJJHCk9eDpItLqYMcZV8YmQ==",
            "dev": true,
            "license": "MIT",
            "peerDependencies": {
                "typescript": "^5.9.2"
            }
        },
        "node_modules/@beastly-brawl-showdown/sim-core": {
            "version": "0.2.5",
            "resolved": "https://registry.npmjs.org/@beastly-brawl-showdown/sim-core/-/sim-core-0.2.5.tgz",
            "integrity": "sha512-NIXb8LMubvydch8lJklvTf8ZldIg6hqrYER9qm24os5YblRneeTJhsQmFS9NBxTkZEzJqjCdZOjLln0ObzmuzQ==",
            "license": "MIT"
        },
        "node_modules/typescript": {
            "version": "5.9.2",
            "resolved": "https://registry.npmjs.org/typescript/-/typescript-5.9.2.tgz",
            "integrity": "sha512-CWBzXQrc/qOkhidw1OzBTQuYRbfyxDXJMVJ1XNwUHGROVmuaeiEm3OslpZ1RV96d7SKKjZKrSJu3+t/xlw3R9A==",
            "dev": true,
            "license": "Apache-2.0",
            "bin": {
                "tsc": "bin/tsc",
                "tsserver": "bin/tsserver"
            },
            "engines": {
                "node": ">=14.17"
            }
        }
    }
}
